Microsoft Visual Studio Solution File, Format Version 11.00
# Visual Studio 2008

Project("{437B930D-B84B-8079-C2DD-804A71936B5F}") = "something", "Assembly-CSharp-firstpass.csproj", "{D296F2BE-293C-A707-E539-A0779190BD23}"
EndProject
Project("{437B930D-B84B-8079-C2DD-804A71936B5F}") = "something", "Assembly-CSharp.csproj", "{B490E799-2EC5-4BE3-3563-DCBECE2E2804}"
EndProject
Project("{437B930D-B84B-8079-C2DD-804A71936B5F}") = "something", "Assembly-CSharp-Editor.csproj", "{0158CE6E-897E-C108-F2DF-AE2C0844544C}"
EndProject
Project("{437B930D-B84B-8079-C2DD-804A71936B5F}") = "something", "Assembly-UnityScript.unityproj", "{FDFCD5C8-8872-92F6-9DEA-9AE55A86BF93}"
EndProject
Global
	GlobalSection(SolutionConfigurationPlatforms) = preSolution
		Debug|Any CPU = Debug|Any CPU
		Release|Any CPU = Release|Any CPU
	EndGlobalSection
	GlobalSection(ProjectConfigurationPlatforms) = postSolution
		{D296F2BE-293C-A707-E539-A0779190BD23}.Debug|Any CPU.ActiveCfg = Debug|Any CPU
		{D296F2BE-293C-A707-E539-A0779190BD23}.Debug|Any CPU.Build.0 = Debug|Any CPU
		{D296F2BE-293C-A707-E539-A0779190BD23}.Release|Any CPU.ActiveCfg = Release|Any CPU
		{D296F2BE-293C-A707-E539-A0779190BD23}.Release|Any CPU.Build.0 = Release|Any CPU
		{B490E799-2EC5-4BE3-3563-DCBECE2E2804}.Debug|Any CPU.ActiveCfg = Debug|Any CPU
		{B490E799-2EC5-4BE3-3563-DCBECE2E2804}.Debug|Any CPU.Build.0 = Debug|Any CPU
		{B490E799-2EC5-4BE3-3563-DCBECE2E2804}.Release|Any CPU.ActiveCfg = Release|Any CPU
		{B490E799-2EC5-4BE3-3563-DCBECE2E2804}.Release|Any CPU.Build.0 = Release|Any CPU
		{0158CE6E-897E-C108-F2DF-AE2C0844544C}.Debug|Any CPU.ActiveCfg = Debug|Any CPU
		{0158CE6E-897E-C108-F2DF-AE2C0844544C}.Debug|Any CPU.Build.0 = Debug|Any CPU
		{0158CE6E-897E-C108-F2DF-AE2C0844544C}.Release|Any CPU.ActiveCfg = Release|Any CPU
		{0158CE6E-897E-C108-F2DF-AE2C0844544C}.Release|Any CPU.Build.0 = Release|Any CPU
		{FDFCD5C8-8872-92F6-9DEA-9AE55A86BF93}.Debug|Any CPU.ActiveCfg = Debug|Any CPU
		{FDFCD5C8-8872-92F6-9DEA-9AE55A86BF93}.Debug|Any CPU.Build.0 = Debug|Any CPU
		{FDFCD5C8-8872-92F6-9DEA-9AE55A86BF93}.Release|Any CPU.ActiveCfg = Release|Any CPU
		{FDFCD5C8-8872-92F6-9DEA-9AE55A86BF93}.Release|Any CPU.Build.0 = Release|Any CPU
	EndGlobalSection
	GlobalSection(SolutionProperties) = preSolution
		HideSolutionNode = FALSE
	EndGlobalSection
																																																																																					GlobalSection(MonoDevelopProperties) = preSolution
		StartupItem = Assembly-CSharp.csproj
		Policies = $0
		$0.TextStylePolicy = $1
		$1.inheritsSet = null
		$1.scope = text/x-csharp
		$0.CSharpFormattingPolicy = $2
		$2.inheritsSet = Mono
		$2.inheritsScope = text/x-csharp
		$2.scope = text/x-csharp
		$0.TextStylePolicy = $3
		$3.FileWidth = 120
		$3.TabWidth = 4
		$3.IndentWidth = 4
		$3.EolMarker = Unix
		$3.inheritsSet = Mono
		$3.inheritsScope = text/plain
		$3.scope = text/plain
	EndGlobalSection

EndGlobal
